
Microsoft Visual Studio Solution File, Format Version 12.00
# Visual Studio Version 16
VisualStudioVersion = 16.0.29020.237
MinimumVisualStudioVersion = 10.0.40219.1
Project("{FAE04EC0-301F-11D3-BF4B-00C04F79EFBC}") = "AutoScreenCapture", "AutoScreenCapture.csproj", "{0D508AFE-3F53-4832-A051-D8B1BDE0035C}"
EndProject
Project("{2150E333-8FDC-42A3-9474-1A3956D46DE8}") = "Solution Items", "Solution Items", "{814A85E5-1B92-42D3-83D1-CC99132B1C62}"
	ProjectSection(SolutionItems) = preProject
		build-and-release.txt = build-and-release.txt
		changelog.txt = changelog.txt
		license.txt = license.txt
		README.md = README.md
		readme.txt = readme.txt
	EndProjectSection
EndProject
Project("{FAE04EC0-301F-11D3-BF4B-00C04F79EFBC}") = "Gavin.Kendall.SFTP", "Gavin.Kendall.SFTP\Gavin.Kendall.SFTP.csproj", "{0C6E9617-7386-4D38-BEA9-F71F48226FAC}"
EndProject
Project("{54435603-DBB4-11D2-8724-00A0C9A8B90C}") = "AutoScreenCaptureSetup", "AutoScreenCaptureSetup\AutoScreenCaptureSetup.vdproj", "{4AD61299-A941-4F09-8234-38D146806AE9}"
EndProject
Project("{FAE04EC0-301F-11D3-BF4B-00C04F79EFBC}") = "ImageComparison", "ImageComparison\ImageComparison.csproj", "{6772439E-22D0-41EF-8029-85154929EAF0}"
EndProject
Project("{FAE04EC0-301F-11D3-BF4B-00C04F79EFBC}") = "AutoScreenCaptureWPF", "AutoScreenCaptureWPF\AutoScreenCaptureWPF.csproj", "{BFF7E496-CB6F-46F4-A303-80F61895C1BD}"
EndProject
Global
	GlobalSection(SolutionConfigurationPlatforms) = preSolution
		Debug|Any CPU = Debug|Any CPU
		Release|Any CPU = Release|Any CPU
	EndGlobalSection
	GlobalSection(ProjectConfigurationPlatforms) = postSolution
		{0D508AFE-3F53-4832-A051-D8B1BDE0035C}.Debug|Any CPU.ActiveCfg = Debug|Any CPU
		{0D508AFE-3F53-4832-A051-D8B1BDE0035C}.Debug|Any CPU.Build.0 = Debug|Any CPU
		{0D508AFE-3F53-4832-A051-D8B1BDE0035C}.Release|Any CPU.ActiveCfg = Release|Any CPU
		{0D508AFE-3F53-4832-A051-D8B1BDE0035C}.Release|Any CPU.Build.0 = Release|Any CPU
		{0C6E9617-7386-4D38-BEA9-F71F48226FAC}.Debug|Any CPU.ActiveCfg = Debug|Any CPU
		{0C6E9617-7386-4D38-BEA9-F71F48226FAC}.Debug|Any CPU.Build.0 = Debug|Any CPU
		{0C6E9617-7386-4D38-BEA9-F71F48226FAC}.Release|Any CPU.ActiveCfg = Release|Any CPU
		{0C6E9617-7386-4D38-BEA9-F71F48226FAC}.Release|Any CPU.Build.0 = Release|Any CPU
		{4AD61299-A941-4F09-8234-38D146806AE9}.Debug|Any CPU.ActiveCfg = Debug
		{4AD61299-A941-4F09-8234-38D146806AE9}.Release|Any CPU.ActiveCfg = Release
		{6772439E-22D0-41EF-8029-85154929EAF0}.Debug|Any CPU.ActiveCfg = Debug|Any CPU
		{6772439E-22D0-41EF-8029-85154929EAF0}.Debug|Any CPU.Build.0 = Debug|Any CPU
		{6772439E-22D0-41EF-8029-85154929EAF0}.Release|Any CPU.ActiveCfg = Release|Any CPU
		{6772439E-22D0-41EF-8029-85154929EAF0}.Release|Any CPU.Build.0 = Release|Any CPU
		{BFF7E496-CB6F-46F4-A303-80F61895C1BD}.Debug|Any CPU.ActiveCfg = Debug|Any CPU
		{BFF7E496-CB6F-46F4-A303-80F61895C1BD}.Debug|Any CPU.Build.0 = Debug|Any CPU
		{BFF7E496-CB6F-46F4-A303-80F61895C1BD}.Release|Any CPU.ActiveCfg = Release|Any CPU
		{BFF7E496-CB6F-46F4-A303-80F61895C1BD}.Release|Any CPU.Build.0 = Release|Any CPU
	EndGlobalSection
	GlobalSection(SolutionProperties) = preSolution
		HideSolutionNode = FALSE
	EndGlobalSection
	GlobalSection(ExtensibilityGlobals) = postSolution
		SolutionGuid = {92533316-4F56-48E7-8706-9556824B30AA}
	EndGlobalSection
EndGlobal
